github.com/augustoroman/hexdump v0.0.0-20231204223853-3694912baadb h1:ALfR3gpvX9qg+wKDPHnNdC37HQHUALgj2ABpnvj1hNw=
github.com/augustoroman/hexdump v0.0.0-20231204223853-3694912baadb/go.mod h1:K8239CdeF8bhd+2T50O4FMgTbY5/0qCkuzrJBXRewO0=
github.com/shamaton/msgpack/v2 v2.2.3 h1:uDOHmxQySlvlUYfQwdjxyybAOzjlQsD1Vjy+4jmO9NM=
github.com/shamaton/msgpack/v2 v2.2.3/go.mod h1:6khjYnkx73f7VQU7wjcFS9DFjs+59naVWJv1TB7qdOI=
